// !$*UTF8*$!
{
	archiveVersion = 1;
	classes = {
	};
	objectVersion = 54;
	objects = {

/* Begin PBXBuildFile section */
		17B29CCB7A21A10151BCD2CE7A9126C9 /* ZFLoader_zfprojConfig.xcodeproj/dummy.mm in Sources */ = {isa = PBXBuildFile; fileRef = 8AF712FB1C710DD023E0D558A1934578 /* ZFLoader_zfprojConfig.xcodeproj/dummy.mm */; };
/* End PBXBuildFile section */

/* Begin PBXFileReference section */
		8AF712FB1C710DD023E0D558A1934578 /* ZFLoader_zfprojConfig.xcodeproj/dummy.mm */ = {isa = PBXFileReference; lastKnownFileType = sourcecode.cpp.objcpp; path = ZFLoader_zfprojConfig.xcodeproj/dummy.mm; sourceTree = "<group>"; };
		A0588542191709D86140BAD60E80B708 /* ZFLoader_zfprojConfig.framework */ = {isa = PBXFileReference; explicitFileType = wrapper.framework; includeInIndex = 0; path = ZFLoader_zfprojConfig.framework; sourceTree = BUILT_PRODUCTS_DIR; };
/* End PBXFileReference section */

/* Begin PBXFrameworksBuildPhase section */
		8DAE496741771BB722321CE533B8CBE1 /* Frameworks */ = {
			isa = PBXFrameworksBuildPhase;
			buildActionMask = 2147483647;
			files = (
			);
			runOnlyForDeploymentPostprocessing = 0;
		};
/* End PBXFrameworksBuildPhase section */

/* Begin PBXGroup section */
		811C4C10F252373404DE73E43264947A /* Products */ = {
			isa = PBXGroup;
			children = (
				A0588542191709D86140BAD60E80B708 /* ZFLoader_zfprojConfig.framework */,
			);
			name = Products;
			sourceTree = "<group>";
		};
		C7E5852F30AA4295EC414708E327D4F0 /* Frameworks */ = {
			isa = PBXGroup;
			children = (
			);
			name = Frameworks;
			sourceTree = "<group>";
		};
		5A7EEB0F8CE45089ED0660F5FF1AF19B = {
			isa = PBXGroup;
			children = (
				C7E5852F30AA4295EC414708E327D4F0 /* Frameworks */,
				811C4C10F252373404DE73E43264947A /* Products */,
				8AF712FB1C710DD023E0D558A1934578 /* ZFLoader_zfprojConfig.xcodeproj/dummy.mm */,
			);
			sourceTree = "<group>";
		};
/* End PBXGroup section */

/* Begin PBXNativeTarget section */
		4FB446B5A8F22077A1A32320CA0A605A /* ZFLoader_zfprojConfig */ = {
			isa = PBXNativeTarget;
			buildConfigurationList = 9D609C6F0A2DA85D365FEEA08E9449FC /* Build configuration list for PBXNativeTarget "ZFLoader_zfprojConfig" */;
			buildPhases = (
				4B3A9416334D8816C971AB3DFFF1CC0A /* Sources */,
				8DAE496741771BB722321CE533B8CBE1 /* Frameworks */,
				8127F4362BF06C66B771247C544704EF /* Resources */,
			);
			buildRules = (
			);
			dependencies = (
			);
			name = ZFLoader_zfprojConfig;
			packageProductDependencies = (
			);
			productName = ZFLoader_zfprojConfig;
			productReference = A0588542191709D86140BAD60E80B708 /* ZFLoader_zfprojConfig.framework */;
			productType = "com.apple.product-type.framework";
		};
/* End PBXNativeTarget section */

/* Begin PBXProject section */
		A1D769C7C7406607EE85CDFE0E9DB14B /* Project object */ = {
			isa = PBXProject;
			attributes = {
				BuildIndependentTargetsInParallel = YES;
				LastUpgradeCheck = 2620;
				TargetAttributes = {
					4FB446B5A8F22077A1A32320CA0A605A = {
						CreatedOnToolsVersion = 9.2;
					};
				};
			};
			buildConfigurationList = AB03079E3CDF64E70051DA966C1927E8 /* Build configuration list for PBXProject "ZFLoader_zfprojConfig" */;
			compatibilityVersion = "Xcode 8.0";
			developmentRegion = en;
			hasScannedForEncodings = 0;
			knownRegions = (
				en,
				Base,
			);
			mainGroup = 5A7EEB0F8CE45089ED0660F5FF1AF19B;
			packageReferences = (
			);
			productRefGroup = 811C4C10F252373404DE73E43264947A /* Products */;
			projectDirPath = "";
			projectRoot = "";
			targets = (
				4FB446B5A8F22077A1A32320CA0A605A /* ZFLoader_zfprojConfig */,
			);
		};
/* End PBXProject section */

/* Begin PBXResourcesBuildPhase section */
		8127F4362BF06C66B771247C544704EF /* Resources */ = {
			isa = PBXResourcesBuildPhase;
			buildActionMask = 2147483647;
			files = (
			);
			runOnlyForDeploymentPostprocessing = 0;
		};
/* End PBXResourcesBuildPhase section */

/* Begin PBXSourcesBuildPhase section */
		4B3A9416334D8816C971AB3DFFF1CC0A /* Sources */ = {
			isa = PBXSourcesBuildPhase;
			buildActionMask = 2147483647;
			files = (
				17B29CCB7A21A10151BCD2CE7A9126C9 /* ZFLoader_zfprojConfig.xcodeproj/dummy.mm in Sources */,
			);
			runOnlyForDeploymentPostprocessing = 0;
		};
/* End PBXSourcesBuildPhase section */

/* Begin XCBuildConfiguration section */
		FD085149CD8D6DDD009EDB71D3F94F9F /* Debug */ = {
			isa = XCBuildConfiguration;
			buildSettings = {
				ASSETCATALOG_COMPILER_APPICON_NAME = AppIcon;
				CLANG_ENABLE_OBJC_ARC = YES;
				CODE_SIGN_STYLE = Automatic;
				DEBUG_INFORMATION_FORMAT = "dwarf-with-dsym";
				ENABLE_BITCODE = NO;
				GCC_INLINES_ARE_PRIVATE_EXTERN = YES;
				GCC_SYMBOLS_PRIVATE_EXTERN = YES;
				GENERATE_INFOPLIST_FILE = YES;
				IPHONEOS_DEPLOYMENT_TARGET = 13.0;
				LD_RUNPATH_SEARCH_PATHS = (
					"$(inherited)",
					"@executable_path/Frameworks",
					"@loader_path/Frameworks",
				);
				OTHER_LDFLAGS = (
					"$(inherited)",
					"-Objc",
					"-all_load",
				);
				PRODUCT_BUNDLE_IDENTIFIER = "com.ZFFramework.ZFLoader-zfprojConfig";
				PRODUCT_NAME = "$(TARGET_NAME)";
				SKIP_INSTALL = YES;
				WARNING_CFLAGS = "-Wpartial-availability";
			};
			name = Debug;
		};
		76B7D1D945411B965BD25544023854A4 /* Release */ = {
			isa = XCBuildConfiguration;
			buildSettings = {
				ASSETCATALOG_COMPILER_APPICON_NAME = AppIcon;
				CLANG_ENABLE_OBJC_ARC = YES;
				CODE_SIGN_STYLE = Automatic;
				DEBUG_INFORMATION_FORMAT = "dwarf-with-dsym";
				ENABLE_BITCODE = NO;
				GCC_INLINES_ARE_PRIVATE_EXTERN = YES;
				GCC_SYMBOLS_PRIVATE_EXTERN = YES;
				GENERATE_INFOPLIST_FILE = YES;
				IPHONEOS_DEPLOYMENT_TARGET = 13.0;
				LD_RUNPATH_SEARCH_PATHS = (
					"$(inherited)",
					"@executable_path/Frameworks",
					"@loader_path/Frameworks",
				);
				OTHER_LDFLAGS = (
					"$(inherited)",
					"-Objc",
					"-all_load",
				);
				PRODUCT_BUNDLE_IDENTIFIER = "com.ZFFramework.ZFLoader-zfprojConfig";
				PRODUCT_NAME = "$(TARGET_NAME)";
				SKIP_INSTALL = YES;
				WARNING_CFLAGS = "-Wpartial-availability";
			};
			name = Release;
		};
		0FD6E60CB90F6AE4B11690DCC6969E2E /* Debug */ = {
			isa = XCBuildConfiguration;
			buildSettings = {
				ALWAYS_SEARCH_USER_PATHS = NO;
				CLANG_CXX_LANGUAGE_STANDARD = "gnu++0x";
				CLANG_CXX_LIBRARY = "libc++";
				CLANG_ENABLE_MODULES = YES;
				CLANG_ENABLE_OBJC_ARC = YES;
				CLANG_WARN_BLOCK_CAPTURE_AUTORELEASING = YES;
				CLANG_WARN_BOOL_CONVERSION = YES;
				CLANG_WARN_COMMA = YES;
				CLANG_WARN_CONSTANT_CONVERSION = YES;
				CLANG_WARN_DEPRECATED_OBJC_IMPLEMENTATIONS = YES;
				CLANG_WARN_DIRECT_OBJC_ISA_USAGE = YES_ERROR;
				CLANG_WARN_EMPTY_BODY = YES;
				CLANG_WARN_ENUM_CONVERSION = YES;
				CLANG_WARN_INFINITE_RECURSION = YES;
				CLANG_WARN_INT_CONVERSION = YES;
				CLANG_WARN_NON_LITERAL_NULL_CONVERSION = YES;
				CLANG_WARN_OBJC_IMPLICIT_RETAIN_SELF = YES;
				CLANG_WARN_OBJC_LITERAL_CONVERSION = YES;
				CLANG_WARN_OBJC_ROOT_CLASS = YES_ERROR;
				CLANG_WARN_QUOTED_INCLUDE_IN_FRAMEWORK_HEADER = YES;
				CLANG_WARN_RANGE_LOOP_ANALYSIS = YES;
				CLANG_WARN_STRICT_PROTOTYPES = YES;
				CLANG_WARN_SUSPICIOUS_MOVE = YES;
				CLANG_WARN_UNREACHABLE_CODE = YES;
				CLANG_WARN__DUPLICATE_METHOD_MATCH = YES;
				COPY_PHASE_STRIP = NO;
				DEBUG_INFORMATION_FORMAT = "dwarf-with-dsym";
				ENABLE_STRICT_OBJC_MSGSEND = YES;
				ENABLE_TESTABILITY = YES;
				ENABLE_USER_SCRIPT_SANDBOXING = NO;
				GCC_C_LANGUAGE_STANDARD = gnu99;
				GCC_DYNAMIC_NO_PIC = NO;
				GCC_NO_COMMON_BLOCKS = YES;
				GCC_OPTIMIZATION_LEVEL = 0;
				GCC_PREPROCESSOR_DEFINITIONS = (
					"DEBUG=1",
					"$(inherited)",
				);
				GCC_WARN_64_TO_32_BIT_CONVERSION = YES;
				GCC_WARN_ABOUT_RETURN_TYPE = YES_ERROR;
				GCC_WARN_UNDECLARED_SELECTOR = YES;
				GCC_WARN_UNINITIALIZED_AUTOS = YES_AGGRESSIVE;
				GCC_WARN_UNUSED_FUNCTION = YES;
				GCC_WARN_UNUSED_VARIABLE = YES;
				IPHONEOS_DEPLOYMENT_TARGET = 13.0;
				MTL_ENABLE_DEBUG_INFO = YES;
				ONLY_ACTIVE_ARCH = YES;
				SDKROOT = iphoneos;
				STRING_CATALOG_GENERATE_SYMBOLS = YES;
			};
			name = Debug;
		};
		9211991E98853AF2A4B57A038F7BE6F5 /* Release */ = {
			isa = XCBuildConfiguration;
			buildSettings = {
				ALWAYS_SEARCH_USER_PATHS = NO;
				CLANG_CXX_LANGUAGE_STANDARD = "gnu++0x";
				CLANG_CXX_LIBRARY = "libc++";
				CLANG_ENABLE_MODULES = YES;
				CLANG_ENABLE_OBJC_ARC = YES;
				CLANG_WARN_BLOCK_CAPTURE_AUTORELEASING = YES;
				CLANG_WARN_BOOL_CONVERSION = YES;
				CLANG_WARN_COMMA = YES;
				CLANG_WARN_CONSTANT_CONVERSION = YES;
				CLANG_WARN_DEPRECATED_OBJC_IMPLEMENTATIONS = YES;
				CLANG_WARN_DIRECT_OBJC_ISA_USAGE = YES_ERROR;
				CLANG_WARN_EMPTY_BODY = YES;
				CLANG_WARN_ENUM_CONVERSION = YES;
				CLANG_WARN_INFINITE_RECURSION = YES;
				CLANG_WARN_INT_CONVERSION = YES;
				CLANG_WARN_NON_LITERAL_NULL_CONVERSION = YES;
				CLANG_WARN_OBJC_IMPLICIT_RETAIN_SELF = YES;
				CLANG_WARN_OBJC_LITERAL_CONVERSION = YES;
				CLANG_WARN_OBJC_ROOT_CLASS = YES_ERROR;
				CLANG_WARN_QUOTED_INCLUDE_IN_FRAMEWORK_HEADER = YES;
				CLANG_WARN_RANGE_LOOP_ANALYSIS = YES;
				CLANG_WARN_STRICT_PROTOTYPES = YES;
				CLANG_WARN_SUSPICIOUS_MOVE = YES;
				CLANG_WARN_UNREACHABLE_CODE = YES;
				CLANG_WARN__DUPLICATE_METHOD_MATCH = YES;
				COPY_PHASE_STRIP = NO;
				DEBUG_INFORMATION_FORMAT = "dwarf-with-dsym";
				ENABLE_NS_ASSERTIONS = NO;
				ENABLE_STRICT_OBJC_MSGSEND = YES;
				ENABLE_USER_SCRIPT_SANDBOXING = NO;
				GCC_C_LANGUAGE_STANDARD = gnu99;
				GCC_NO_COMMON_BLOCKS = YES;
				GCC_WARN_64_TO_32_BIT_CONVERSION = YES;
				GCC_WARN_ABOUT_RETURN_TYPE = YES_ERROR;
				GCC_WARN_UNDECLARED_SELECTOR = YES;
				GCC_WARN_UNINITIALIZED_AUTOS = YES_AGGRESSIVE;
				GCC_WARN_UNUSED_FUNCTION = YES;
				GCC_WARN_UNUSED_VARIABLE = YES;
				IPHONEOS_DEPLOYMENT_TARGET = 13.0;
				MTL_ENABLE_DEBUG_INFO = NO;
				SDKROOT = iphoneos;
				STRING_CATALOG_GENERATE_SYMBOLS = YES;
				VALIDATE_PRODUCT = YES;
			};
			name = Release;
		};
/* End XCBuildConfiguration section */

/* Begin XCConfigurationList section */
		9D609C6F0A2DA85D365FEEA08E9449FC /* Build configuration list for PBXNativeTarget "ZFLoader_zfprojConfig" */ = {
			isa = XCConfigurationList;
			buildConfigurations = (
				FD085149CD8D6DDD009EDB71D3F94F9F /* Debug */,
				76B7D1D945411B965BD25544023854A4 /* Release */,
			);
			defaultConfigurationIsVisible = 0;
			defaultConfigurationName = Release;
		};
		AB03079E3CDF64E70051DA966C1927E8 /* Build configuration list for PBXProject "ZFLoader_zfprojConfig" */ = {
			isa = XCConfigurationList;
			buildConfigurations = (
				0FD6E60CB90F6AE4B11690DCC6969E2E /* Debug */,
				9211991E98853AF2A4B57A038F7BE6F5 /* Release */,
			);
			defaultConfigurationIsVisible = 0;
			defaultConfigurationName = Release;
		};
/* End XCConfigurationList section */
	};
	rootObject = A1D769C7C7406607EE85CDFE0E9DB14B /* Project object */;
}
